{
  "name": "basic",
  "version": "1.0.0",
  "lockfileVersion": 2,
  "requires": true,
  "packages": {
    "": {
      "name": "basic",
      "version": "1.0.0",
      "license": "ISC",
      "dependencies": {
        "brandi": "^4.0.1",
        "linqts": "^1.14.4",
        "reflect-metadata": "^0.1.13"
      }
    },
    "node_modules/brandi": {
      "version": "4.0.1",
      "resolved": "https://registry.npmjs.org/brandi/-/brandi-4.0.1.tgz",
      "integrity": "sha512-amM/NeEGVynO2AZ95QXtbYQmSeNaPv+OriwS1+aMLF2NieaeCg4nVZGd9Mdkd+Tw8BwAvWHnzgJaV9CmFtSZMw=="
    },
    "node_modules/linqts": {
      "version": "1.14.4",
      "resolved": "https://registry.npmjs.org/linqts/-/linqts-1.14.4.tgz",
      "integrity": "sha512-b5sJjG1ZQ8iLSTJV19jWgMLoQicrQVVRkkQN7B/aboU+cf30lgnhIoGM8vEjqPxZFpryDU78PFpuTnfYNIHMeg=="
    },
    "node_modules/reflect-metadata": {
      "version": "0.1.13",
      "resolved": "https://registry.npmjs.org/reflect-metadata/-/reflect-metadata-0.1.13.tgz",
      "integrity": "sha512-Ts1Y/anZELhSsjMcU605fU9RE4Oi3p5ORujwbIKXfWa+0Zxs510Qrmrce5/Jowq3cHSZSJqBjypxmHarc+vEWg=="
    }
  },
  "dependencies": {
    "brandi": {
      "version": "4.0.1",
      "resolved": "https://registry.npmjs.org/brandi/-/brandi-4.0.1.tgz",
      "integrity": "sha512-amM/NeEGVynO2AZ95QXtbYQmSeNaPv+OriwS1+aMLF2NieaeCg4nVZGd9Mdkd+Tw8BwAvWHnzgJaV9CmFtSZMw=="
    },
    "linqts": {
      "version": "1.14.4",
      "resolved": "https://registry.npmjs.org/linqts/-/linqts-1.14.4.tgz",
      "integrity": "sha512-b5sJjG1ZQ8iLSTJV19jWgMLoQicrQVVRkkQN7B/aboU+cf30lgnhIoGM8vEjqPxZFpryDU78PFpuTnfYNIHMeg=="
    },
    "reflect-metadata": {
      "version": "0.1.13",
      "resolved": "https://registry.npmjs.org/reflect-metadata/-/reflect-metadata-0.1.13.tgz",
      "integrity": "sha512-Ts1Y/anZELhSsjMcU605fU9RE4Oi3p5ORujwbIKXfWa+0Zxs510Qrmrce5/Jowq3cHSZSJqBjypxmHarc+vEWg=="
    }
  }
}
